
Microsoft Visual Studio Solution File, Format Version 11.00
# Visual Studio 2010
Project("{FAE04EC0-301F-11D3-BF4B-00C04F79EFBC}") = "SilverlightExampleApp", "SilverlightExampleApp\SilverlightExampleApp.csproj", "{37DC0FAF-3EFE-436A-B8B9-6905F9EF59E0}"
	ProjectSection(ProjectDependencies) = postProject
		{9B9FB230-CA34-4A66-BE74-46EAF73CB863} = {9B9FB230-CA34-4A66-BE74-46EAF73CB863}
		{9B9FB230-CA34-4A66-BE74-46EAF73CB863} = {9B9FB230-CA34-4A66-BE74-46EAF73CB863}
	EndProjectSection
EndProject
Project("{FAE04EC0-301F-11D3-BF4B-00C04F79EFBC}") = "SilverlightExampleApp.Web", "SilverlightExampleApp.Web\SilverlightExampleApp.Web.csproj", "{9B9FB230-CA34-4A66-BE74-46EAF73CB863}"
EndProject
Global
	GlobalSection(SolutionConfigurationPlatforms) = preSolution
		Debug|Any CPU = Debug|Any CPU
		Release|Any CPU = Release|Any CPU
	EndGlobalSection
	GlobalSection(ProjectConfigurationPlatforms) = postSolution
		{37DC0FAF-3EFE-436A-B8B9-6905F9EF59E0}.Debug|Any CPU.ActiveCfg = Debug|Any CPU
		{37DC0FAF-3EFE-436A-B8B9-6905F9EF59E0}.Debug|Any CPU.Build.0 = Debug|Any CPU
		{37DC0FAF-3EFE-436A-B8B9-6905F9EF59E0}.Release|Any CPU.ActiveCfg = Release|Any CPU
		{37DC0FAF-3EFE-436A-B8B9-6905F9EF59E0}.Release|Any CPU.Build.0 = Release|Any CPU
		{9B9FB230-CA34-4A66-BE74-46EAF73CB863}.Debug|Any CPU.ActiveCfg = Debug|Any CPU
		{9B9FB230-CA34-4A66-BE74-46EAF73CB863}.Debug|Any CPU.Build.0 = Debug|Any CPU
		{9B9FB230-CA34-4A66-BE74-46EAF73CB863}.Release|Any CPU.ActiveCfg = Release|Any CPU
		{9B9FB230-CA34-4A66-BE74-46EAF73CB863}.Release|Any CPU.Build.0 = Release|Any CPU
	EndGlobalSection
	GlobalSection(SolutionProperties) = preSolution
		HideSolutionNode = FALSE
	EndGlobalSection
EndGlobal
